
Microsoft Visual Studio Solution File, Format Version 12.00
# Visual Studio Version 16
VisualStudioVersion = 16.0.29230.47
MinimumVisualStudioVersion = 10.0.40219.1
Project("{FAE04EC0-301F-11D3-BF4B-00C04F79EFBC}") = "Array_to_function_min_to_max", "Array_to_function_min_to_max\Array_to_function_min_to_max.csproj", "{299D03EE-E98A-4113-991F-E07A01E8DB6B}"
EndProject
Global
	GlobalSection(SolutionConfigurationPlatforms) = preSolution
		Debug|Any CPU = Debug|Any CPU
		Release|Any CPU = Release|Any CPU
	EndGlobalSection
	GlobalSection(ProjectConfigurationPlatforms) = postSolution
		{299D03EE-E98A-4113-991F-E07A01E8DB6B}.Debug|Any CPU.ActiveCfg = Debug|Any CPU
		{299D03EE-E98A-4113-991F-E07A01E8DB6B}.Debug|Any CPU.Build.0 = Debug|Any CPU
		{299D03EE-E98A-4113-991F-E07A01E8DB6B}.Release|Any CPU.ActiveCfg = Release|Any CPU
		{299D03EE-E98A-4113-991F-E07A01E8DB6B}.Release|Any CPU.Build.0 = Release|Any CPU
	EndGlobalSection
	GlobalSection(SolutionProperties) = preSolution
		HideSolutionNode = FALSE
	EndGlobalSection
	GlobalSection(ExtensibilityGlobals) = postSolution
		SolutionGuid = {EC8FB3B1-D362-47AD-8EC6-FD5C24A4C808}
	EndGlobalSection
EndGlobal
